// !$*UTF8*$!
{
	archiveVersion = 1;
	classes = {
	};
	objectVersion = 56;
	objects = {

/* Begin PBXBuildFile section */
		648D058E2B7B4F5F00489808 /* ExpenseDetail.swift in Sources */ = {isa = PBXBuildFile; fileRef = 648D058D2B7B4F5F00489808 /* ExpenseDetail.swift */; };
		64974CF42B7A89D000B4BEBA /* Expense_TrackerApp.swift in Sources */ = {isa = PBXBuildFile; fileRef = 64974CF32B7A89D000B4BEBA /* Expense_TrackerApp.swift */; };
		64974CF62B7A89D000B4BEBA /* MainView.swift in Sources */ = {isa = PBXBuildFile; fileRef = 64974CF52B7A89D000B4BEBA /* MainView.swift */; };
		64974CF82B7A89D100B4BEBA /* Assets.xcassets in Resources */ = {isa = PBXBuildFile; fileRef = 64974CF72B7A89D100B4BEBA /* Assets.xcassets */; };
		64974CFB2B7A89D100B4BEBA /* Preview Assets.xcassets in Resources */ = {isa = PBXBuildFile; fileRef = 64974CFA2B7A89D100B4BEBA /* Preview Assets.xcassets */; };
		64974D052B7A8A4900B4BEBA /* ExpenseView.swift in Sources */ = {isa = PBXBuildFile; fileRef = 64974D042B7A8A4900B4BEBA /* ExpenseView.swift */; };
		64974D072B7A8A5700B4BEBA /* AddExpenseView.swift in Sources */ = {isa = PBXBuildFile; fileRef = 64974D062B7A8A5700B4BEBA /* AddExpenseView.swift */; };
		64974D092B7A8A6500B4BEBA /* EditExpenseView.swift in Sources */ = {isa = PBXBuildFile; fileRef = 64974D082B7A8A6500B4BEBA /* EditExpenseView.swift */; };
		64974D0B2B7A8A8300B4BEBA /* SettingView.swift in Sources */ = {isa = PBXBuildFile; fileRef = 64974D0A2B7A8A8300B4BEBA /* SettingView.swift */; };
		64974D0E2B7A910700B4BEBA /* ExpenseTracker.xcdatamodeld in Sources */ = {isa = PBXBuildFile; fileRef = 64974D0C2B7A910700B4BEBA /* ExpenseTracker.xcdatamodeld */; };
		64974D102B7A91B900B4BEBA /* DataController.swift in Sources */ = {isa = PBXBuildFile; fileRef = 64974D0F2B7A91B900B4BEBA /* DataController.swift */; };
/* End PBXBuildFile section */

/* Begin PBXFileReference section */
		648D058D2B7B4F5F00489808 /* ExpenseDetail.swift */ = {isa = PBXFileReference; lastKnownFileType = sourcecode.swift; path = ExpenseDetail.swift; sourceTree = "<group>"; };
		64974CF02B7A89D000B4BEBA /* Expense Tracker.app */ = {isa = PBXFileReference; explicitFileType = wrapper.application; includeInIndex = 0; path = "Expense Tracker.app"; sourceTree = BUILT_PRODUCTS_DIR; };
		64974CF32B7A89D000B4BEBA /* Expense_TrackerApp.swift */ = {isa = PBXFileReference; lastKnownFileType = sourcecode.swift; path = Expense_TrackerApp.swift; sourceTree = "<group>"; };
		64974CF52B7A89D000B4BEBA /* MainView.swift */ = {isa = PBXFileReference; lastKnownFileType = sourcecode.swift; path = MainView.swift; sourceTree = "<group>"; };
		64974CF72B7A89D100B4BEBA /* Assets.xcassets */ = {isa = PBXFileReference; lastKnownFileType = folder.assetcatalog; path = Assets.xcassets; sourceTree = "<group>"; };
		64974CFA2B7A89D100B4BEBA /* Preview Assets.xcassets */ = {isa = PBXFileReference; lastKnownFileType = folder.assetcatalog; path = "Preview Assets.xcassets"; sourceTree = "<group>"; };
		64974D042B7A8A4900B4BEBA /* ExpenseView.swift */ = {isa = PBXFileReference; lastKnownFileType = sourcecode.swift; path = ExpenseView.swift; sourceTree = "<group>"; };
		64974D062B7A8A5700B4BEBA /* AddExpenseView.swift */ = {isa = PBXFileReference; lastKnownFileType = sourcecode.swift; path = AddExpenseView.swift; sourceTree = "<group>"; };
		64974D082B7A8A6500B4BEBA /* EditExpenseView.swift */ = {isa = PBXFileReference; lastKnownFileType = sourcecode.swift; path = EditExpenseView.swift; sourceTree = "<group>"; };
		64974D0A2B7A8A8300B4BEBA /* SettingView.swift */ = {isa = PBXFileReference; lastKnownFileType = sourcecode.swift; path = SettingView.swift; sourceTree = "<group>"; };
		64974D0D2B7A910700B4BEBA /* ExpenseTracker.xcdatamodel */ = {isa = PBXFileReference; lastKnownFileType = wrapper.xcdatamodel; path = ExpenseTracker.xcdatamodel; sourceTree = "<group>"; };
		64974D0F2B7A91B900B4BEBA /* DataController.swift */ = {isa = PBXFileReference; lastKnownFileType = sourcecode.swift; path = DataController.swift; sourceTree = "<group>"; };
/* End PBXFileReference section */

/* Begin PBXFrameworksBuildPhase section */
		64974CED2B7A89D000B4BEBA /* Frameworks */ = {
			isa = PBXFrameworksBuildPhase;
			buildActionMask = 2147483647;
			files = (
			);
			runOnlyForDeploymentPostprocessing = 0;
		};
/* End PBXFrameworksBuildPhase section */

/* Begin PBXGroup section */
		64974CE72B7A89D000B4BEBA = {
			isa = PBXGroup;
			children = (
				64974CF22B7A89D000B4BEBA /* Expense Tracker */,
				64974CF12B7A89D000B4BEBA /* Products */,
			);
			sourceTree = "<group>";
		};
		64974CF12B7A89D000B4BEBA /* Products */ = {
			isa = PBXGroup;
			children = (
				64974CF02B7A89D000B4BEBA /* Expense Tracker.app */,
			);
			name = Products;
			sourceTree = "<group>";
		};
		64974CF22B7A89D000B4BEBA /* Expense Tracker */ = {
			isa = PBXGroup;
			children = (
				64974CF32B7A89D000B4BEBA /* Expense_TrackerApp.swift */,
				64974D012B7A89D800B4BEBA /* Views */,
				64974D022B7A89E100B4BEBA /* Component */,
				64974D032B7A89F200B4BEBA /* DataModel */,
				64974CF72B7A89D100B4BEBA /* Assets.xcassets */,
				64974CF92B7A89D100B4BEBA /* Preview Content */,
			);
			path = "Expense Tracker";
			sourceTree = "<group>";
		};
		64974CF92B7A89D100B4BEBA /* Preview Content */ = {
			isa = PBXGroup;
			children = (
				64974CFA2B7A89D100B4BEBA /* Preview Assets.xcassets */,
			);
			path = "Preview Content";
			sourceTree = "<group>";
		};
		64974D012B7A89D800B4BEBA /* Views */ = {
			isa = PBXGroup;
			children = (
				64974CF52B7A89D000B4BEBA /* MainView.swift */,
				64974D042B7A8A4900B4BEBA /* ExpenseView.swift */,
				64974D062B7A8A5700B4BEBA /* AddExpenseView.swift */,
				64974D082B7A8A6500B4BEBA /* EditExpenseView.swift */,
				64974D0A2B7A8A8300B4BEBA /* SettingView.swift */,
			);
			path = Views;
			sourceTree = "<group>";
		};
		64974D022B7A89E100B4BEBA /* Component */ = {
			isa = PBXGroup;
			children = (
				648D058D2B7B4F5F00489808 /* ExpenseDetail.swift */,
			);
			path = Component;
			sourceTree = "<group>";
		};
		64974D032B7A89F200B4BEBA /* DataModel */ = {
			isa = PBXGroup;
			children = (
				64974D0F2B7A91B900B4BEBA /* DataController.swift */,
				64974D0C2B7A910700B4BEBA /* ExpenseTracker.xcdatamodeld */,
			);
			path = DataModel;
			sourceTree = "<group>";
		};
/* End PBXGroup section */

/* Begin PBXNativeTarget section */
		64974CEF2B7A89D000B4BEBA /* Expense Tracker */ = {
			isa = PBXNativeTarget;
			buildConfigurationList = 64974CFE2B7A89D100B4BEBA /* Build configuration list for PBXNativeTarget "Expense Tracker" */;
			buildPhases = (
				64974CEC2B7A89D000B4BEBA /* Sources */,
				64974CED2B7A89D000B4BEBA /* Frameworks */,
				64974CEE2B7A89D000B4BEBA /* Resources */,
			);
			buildRules = (
			);
			dependencies = (
			);
			name = "Expense Tracker";
			productName = "Expense Tracker";
			productReference = 64974CF02B7A89D000B4BEBA /* Expense Tracker.app */;
			productType = "com.apple.product-type.application";
		};
/* End PBXNativeTarget section */

/* Begin PBXProject section */
		64974CE82B7A89D000B4BEBA /* Project object */ = {
			isa = PBXProject;
			attributes = {
				BuildIndependentTargetsInParallel = 1;
				LastSwiftUpdateCheck = 1520;
				LastUpgradeCheck = 1520;
				TargetAttributes = {
					64974CEF2B7A89D000B4BEBA = {
						CreatedOnToolsVersion = 15.2;
					};
				};
			};
			buildConfigurationList = 64974CEB2B7A89D000B4BEBA /* Build configuration list for PBXProject "Expense Tracker" */;
			compatibilityVersion = "Xcode 14.0";
			developmentRegion = en;
			hasScannedForEncodings = 0;
			knownRegions = (
				en,
				Base,
			);
			mainGroup = 64974CE72B7A89D000B4BEBA;
			productRefGroup = 64974CF12B7A89D000B4BEBA /* Products */;
			projectDirPath = "";
			projectRoot = "";
			targets = (
				64974CEF2B7A89D000B4BEBA /* Expense Tracker */,
			);
		};
/* End PBXProject section */

/* Begin PBXResourcesBuildPhase section */
		64974CEE2B7A89D000B4BEBA /* Resources */ = {
			isa = PBXResourcesBuildPhase;
			buildActionMask = 2147483647;
			files = (
				64974CFB2B7A89D100B4BEBA /* Preview Assets.xcassets in Resources */,
				64974CF82B7A89D100B4BEBA /* Assets.xcassets in Resources */,
			);
			runOnlyForDeploymentPostprocessing = 0;
		};
/* End PBXResourcesBuildPhase section */

/* Begin PBXSourcesBuildPhase section */
		64974CEC2B7A89D000B4BEBA /* Sources */ = {
			isa = PBXSourcesBuildPhase;
			buildActionMask = 2147483647;
			files = (
				64974CF62B7A89D000B4BEBA /* MainView.swift in Sources */,
				64974D092B7A8A6500B4BEBA /* EditExpenseView.swift in Sources */,
				64974CF42B7A89D000B4BEBA /* Expense_TrackerApp.swift in Sources */,
				64974D0E2B7A910700B4BEBA /* ExpenseTracker.xcdatamodeld in Sources */,
				64974D0B2B7A8A8300B4BEBA /* SettingView.swift in Sources */,
				64974D102B7A91B900B4BEBA /* DataController.swift in Sources */,
				648D058E2B7B4F5F00489808 /* ExpenseDetail.swift in Sources */,
				64974D052B7A8A4900B4BEBA /* ExpenseView.swift in Sources */,
				64974D072B7A8A5700B4BEBA /* AddExpenseView.swift in Sources */,
			);
			runOnlyForDeploymentPostprocessing = 0;
		};
/* End PBXSourcesBuildPhase section */

/* Begin XCBuildConfiguration section */
		64974CFC2B7A89D100B4BEBA /* Debug */ = {
			isa = XCBuildConfiguration;
			buildSettings = {
				ALWAYS_SEARCH_USER_PATHS = NO;
				ASSETCATALOG_COMPILER_GENERATE_SWIFT_ASSET_SYMBOL_EXTENSIONS = YES;
				CLANG_ANALYZER_NONNULL = YES;
				CLANG_ANALYZER_NUMBER_OBJECT_CONVERSION = YES_AGGRESSIVE;
				CLANG_CXX_LANGUAGE_STANDARD = "gnu++20";
				CLANG_ENABLE_MODULES = YES;
				CLANG_ENABLE_OBJC_ARC = YES;
				CLANG_ENABLE_OBJC_WEAK = YES;
				CLANG_WARN_BLOCK_CAPTURE_AUTORELEASING = YES;
				CLANG_WARN_BOOL_CONVERSION = YES;
				CLANG_WARN_COMMA = YES;
				CLANG_WARN_CONSTANT_CONVERSION = YES;
				CLANG_WARN_DEPRECATED_OBJC_IMPLEMENTATIONS = YES;
				CLANG_WARN_DIRECT_OBJC_ISA_USAGE = YES_ERROR;
				CLANG_WARN_DOCUMENTATION_COMMENTS = YES;
				CLANG_WARN_EMPTY_BODY = YES;
				CLANG_WARN_ENUM_CONVERSION = YES;
				CLANG_WARN_INFINITE_RECURSION = YES;
				CLANG_WARN_INT_CONVERSION = YES;
				CLANG_WARN_NON_LITERAL_NULL_CONVERSION = YES;
				CLANG_WARN_OBJC_IMPLICIT_RETAIN_SELF = YES;
				CLANG_WARN_OBJC_LITERAL_CONVERSION = YES;
				CLANG_WARN_OBJC_ROOT_CLASS = YES_ERROR;
				CLANG_WARN_QUOTED_INCLUDE_IN_FRAMEWORK_HEADER = YES;
				CLANG_WARN_RANGE_LOOP_ANALYSIS = YES;
				CLANG_WARN_STRICT_PROTOTYPES = YES;
				CLANG_WARN_SUSPICIOUS_MOVE = YES;
				CLANG_WARN_UNGUARDED_AVAILABILITY = YES_AGGRESSIVE;
				CLANG_WARN_UNREACHABLE_CODE = YES;
				CLANG_WARN__DUPLICATE_METHOD_MATCH = YES;
				COPY_PHASE_STRIP = NO;
				DEBUG_INFORMATION_FORMAT = dwarf;
				ENABLE_STRICT_OBJC_MSGSEND = YES;
				ENABLE_TESTABILITY = YES;
				ENABLE_USER_SCRIPT_SANDBOXING = YES;
				GCC_C_LANGUAGE_STANDARD = gnu17;
				GCC_DYNAMIC_NO_PIC = NO;
				GCC_NO_COMMON_BLOCKS = YES;
				GCC_OPTIMIZATION_LEVEL = 0;
				GCC_PREPROCESSOR_DEFINITIONS = (
					"DEBUG=1",
					"$(inherited)",
				);
				GCC_WARN_64_TO_32_BIT_CONVERSION = YES;
				GCC_WARN_ABOUT_RETURN_TYPE = YES_ERROR;
				GCC_WARN_UNDECLARED_SELECTOR = YES;
				GCC_WARN_UNINITIALIZED_AUTOS = YES_AGGRESSIVE;
				GCC_WARN_UNUSED_FUNCTION = YES;
				GCC_WARN_UNUSED_VARIABLE = YES;
				IPHONEOS_DEPLOYMENT_TARGET = 17.2;
				LOCALIZATION_PREFERS_STRING_CATALOGS = YES;
				MTL_ENABLE_DEBUG_INFO = INCLUDE_SOURCE;
				MTL_FAST_MATH = YES;
				ONLY_ACTIVE_ARCH = YES;
				SDKROOT = iphoneos;
				SWIFT_ACTIVE_COMPILATION_CONDITIONS = "DEBUG $(inherited)";
				SWIFT_OPTIMIZATION_LEVEL = "-Onone";
			};
			name = Debug;
		};
		64974CFD2B7A89D100B4BEBA /* Release */ = {
			isa = XCBuildConfiguration;
			buildSettings = {
				ALWAYS_SEARCH_USER_PATHS = NO;
				ASSETCATALOG_COMPILER_GENERATE_SWIFT_ASSET_SYMBOL_EXTENSIONS = YES;
				CLANG_ANALYZER_NONNULL = YES;
				CLANG_ANALYZER_NUMBER_OBJECT_CONVERSION = YES_AGGRESSIVE;
				CLANG_CXX_LANGUAGE_STANDARD = "gnu++20";
				CLANG_ENABLE_MODULES = YES;
				CLANG_ENABLE_OBJC_ARC = YES;
				CLANG_ENABLE_OBJC_WEAK = YES;
				CLANG_WARN_BLOCK_CAPTURE_AUTORELEASING = YES;
				CLANG_WARN_BOOL_CONVERSION = YES;
				CLANG_WARN_COMMA = YES;
				CLANG_WARN_CONSTANT_CONVERSION = YES;
				CLANG_WARN_DEPRECATED_OBJC_IMPLEMENTATIONS = YES;
				CLANG_WARN_DIRECT_OBJC_ISA_USAGE = YES_ERROR;
				CLANG_WARN_DOCUMENTATION_COMMENTS = YES;
				CLANG_WARN_EMPTY_BODY = YES;
				CLANG_WARN_ENUM_CONVERSION = YES;
				CLANG_WARN_INFINITE_RECURSION = YES;
				CLANG_WARN_INT_CONVERSION = YES;
				CLANG_WARN_NON_LITERAL_NULL_CONVERSION = YES;
				CLANG_WARN_OBJC_IMPLICIT_RETAIN_SELF = YES;
				CLANG_WARN_OBJC_LITERAL_CONVERSION = YES;
				CLANG_WARN_OBJC_ROOT_CLASS = YES_ERROR;
				CLANG_WARN_QUOTED_INCLUDE_IN_FRAMEWORK_HEADER = YES;
				CLANG_WARN_RANGE_LOOP_ANALYSIS = YES;
				CLANG_WARN_STRICT_PROTOTYPES = YES;
				CLANG_WARN_SUSPICIOUS_MOVE = YES;
				CLANG_WARN_UNGUARDED_AVAILABILITY = YES_AGGRESSIVE;
				CLANG_WARN_UNREACHABLE_CODE = YES;
				CLANG_WARN__DUPLICATE_METHOD_MATCH = YES;
				COPY_PHASE_STRIP = NO;
				DEBUG_INFORMATION_FORMAT = "dwarf-with-dsym";
				ENABLE_NS_ASSERTIONS = NO;
				ENABLE_STRICT_OBJC_MSGSEND = YES;
				ENABLE_USER_SCRIPT_SANDBOXING = YES;
				GCC_C_LANGUAGE_STANDARD = gnu17;
				GCC_NO_COMMON_BLOCKS = YES;
				GCC_WARN_64_TO_32_BIT_CONVERSION = YES;
				GCC_WARN_ABOUT_RETURN_TYPE = YES_ERROR;
				GCC_WARN_UNDECLARED_SELECTOR = YES;
				GCC_WARN_UNINITIALIZED_AUTOS = YES_AGGRESSIVE;
				GCC_WARN_UNUSED_FUNCTION = YES;
				GCC_WARN_UNUSED_VARIABLE = YES;
				IPHONEOS_DEPLOYMENT_TARGET = 17.2;
				LOCALIZATION_PREFERS_STRING_CATALOGS = YES;
				MTL_ENABLE_DEBUG_INFO = NO;
				MTL_FAST_MATH = YES;
				SDKROOT = iphoneos;
				SWIFT_COMPILATION_MODE = wholemodule;
				VALIDATE_PRODUCT = YES;
			};
			name = Release;
		};
		64974CFF2B7A89D100B4BEBA /* Debug */ = {
			isa = XCBuildConfiguration;
			buildSettings = {
				ASSETCATALOG_COMPILER_APPICON_NAME = AppIcon;
				ASSETCATALOG_COMPILER_GLOBAL_ACCENT_COLOR_NAME = AccentColor;
				CODE_SIGN_STYLE = Automatic;
				CURRENT_PROJECT_VERSION = 1;
				DEVELOPMENT_ASSET_PATHS = "\"Expense Tracker/Preview Content\"";
				DEVELOPMENT_TEAM = H4X7G96ZKF;
				ENABLE_PREVIEWS = YES;
				GENERATE_INFOPLIST_FILE = YES;
				INFOPLIST_KEY_UIApplicationSceneManifest_Generation = YES;
				INFOPLIST_KEY_UIApplicationSupportsIndirectInputEvents = YES;
				INFOPLIST_KEY_UILaunchScreen_Generation = YES;
				INFOPLIST_KEY_UISupportedInterfaceOrientations_iPad = "UIInterfaceOrientationPortrait UIInterfaceOrientationPortraitUpsideDown UIInterfaceOrientationLandscapeLeft UIInterfaceOrientationLandscapeRight";
				INFOPLIST_KEY_UISupportedInterfaceOrientations_iPhone = "UIInterfaceOrientationPortrait UIInterfaceOrientationLandscapeLeft UIInterfaceOrientationLandscapeRight";
				LD_RUNPATH_SEARCH_PATHS = (
					"$(inherited)",
					"@executable_path/Frameworks",
				);
				MARKETING_VERSION = 1.0;
				PRODUCT_BUNDLE_IDENTIFIER = "com.palatipjant.Expense-Tracker";
				PRODUCT_NAME = "$(TARGET_NAME)";
				SWIFT_EMIT_LOC_STRINGS = YES;
				SWIFT_VERSION = 5.0;
				TARGETED_DEVICE_FAMILY = "1,2";
			};
			name = Debug;
		};
		64974D002B7A89D100B4BEBA /* Release */ = {
			isa = XCBuildConfiguration;
			buildSettings = {
				ASSETCATALOG_COMPILER_APPICON_NAME = AppIcon;
				ASSETCATALOG_COMPILER_GLOBAL_ACCENT_COLOR_NAME = AccentColor;
				CODE_SIGN_STYLE = Automatic;
				CURRENT_PROJECT_VERSION = 1;
				DEVELOPMENT_ASSET_PATHS = "\"Expense Tracker/Preview Content\"";
				DEVELOPMENT_TEAM = H4X7G96ZKF;
				ENABLE_PREVIEWS = YES;
				GENERATE_INFOPLIST_FILE = YES;
				INFOPLIST_KEY_UIApplicationSceneManifest_Generation = YES;
				INFOPLIST_KEY_UIApplicationSupportsIndirectInputEvents = YES;
				INFOPLIST_KEY_UILaunchScreen_Generation = YES;
				INFOPLIST_KEY_UISupportedInterfaceOrientations_iPad = "UIInterfaceOrientationPortrait UIInterfaceOrientationPortraitUpsideDown UIInterfaceOrientationLandscapeLeft UIInterfaceOrientationLandscapeRight";
				INFOPLIST_KEY_UISupportedInterfaceOrientations_iPhone = "UIInterfaceOrientationPortrait UIInterfaceOrientationLandscapeLeft UIInterfaceOrientationLandscapeRight";
				LD_RUNPATH_SEARCH_PATHS = (
					"$(inherited)",
					"@executable_path/Frameworks",
				);
				MARKETING_VERSION = 1.0;
				PRODUCT_BUNDLE_IDENTIFIER = "com.palatipjant.Expense-Tracker";
				PRODUCT_NAME = "$(TARGET_NAME)";
				SWIFT_EMIT_LOC_STRINGS = YES;
				SWIFT_VERSION = 5.0;
				TARGETED_DEVICE_FAMILY = "1,2";
			};
			name = Release;
		};
/* End XCBuildConfiguration section */

/* Begin XCConfigurationList section */
		64974CEB2B7A89D000B4BEBA /* Build configuration list for PBXProject "Expense Tracker" */ = {
			isa = XCConfigurationList;
			buildConfigurations = (
				64974CFC2B7A89D100B4BEBA /* Debug */,
				64974CFD2B7A89D100B4BEBA /* Release */,
			);
			defaultConfigurationIsVisible = 0;
			defaultConfigurationName = Release;
		};
		64974CFE2B7A89D100B4BEBA /* Build configuration list for PBXNativeTarget "Expense Tracker" */ = {
			isa = XCConfigurationList;
			buildConfigurations = (
				64974CFF2B7A89D100B4BEBA /* Debug */,
				64974D002B7A89D100B4BEBA /* Release */,
			);
			defaultConfigurationIsVisible = 0;
			defaultConfigurationName = Release;
		};
/* End XCConfigurationList section */

/* Begin XCVersionGroup section */
		64974D0C2B7A910700B4BEBA /* ExpenseTracker.xcdatamodeld */ = {
			isa = XCVersionGroup;
			children = (
				64974D0D2B7A910700B4BEBA /* ExpenseTracker.xcdatamodel */,
			);
			currentVersion = 64974D0D2B7A910700B4BEBA /* ExpenseTracker.xcdatamodel */;
			path = ExpenseTracker.xcdatamodeld;
			sourceTree = "<group>";
			versionGroupType = wrapper.xcdatamodel;
		};
/* End XCVersionGroup section */
	};
	rootObject = 64974CE82B7A89D000B4BEBA /* Project object */;
}
